{
  "name": "@gammonview/gvformat",
  "version": "1.0.0",
  "lockfileVersion": 3,
  "requires": true,
  "packages": {
    "": {
      "name": "@gammonview/gvformat",
      "version": "1.0.0",
      "license": "MIT",
      "dependencies": {
        "pako": "^3.0.0"
      },
      "engines": {
        "node": ">=18"
      }
    },
    "node_modules/pako": {
      "version": "3.0.1",
      "resolved": "https://registry.npmjs.org/pako/-/pako-3.0.1.tgz",
      "integrity": "sha512-GupotUUI0mlhugKjUs4bjOwLt3nrehy9Ys2dxC0GtgVef5cnKggkDMmf2bq2poCCuVXopWPmqsc9VDT2iJUy+w==",
      "funding": [
        {
          "type": "github",
          "url": "https://github.com/sponsors/puzrin"
        },
        {
          "type": "github",
          "url": "https://github.com/sponsors/nodeca"
        }
      ],
      "license": "(MIT AND Zlib)"
    }
  }
}
